
Microsoft Visual Studio Solution File, Format Version 12.00
# Visual Studio Version 17
VisualStudioVersion = 17.3.32819.101
MinimumVisualStudioVersion = 10.0.40219.1
Project("{FAE04EC0-301F-11D3-BF4B-00C04F79EFBC}") = "lab4", "lab4\lab4.csproj", "{7F96471D-B05F-444B-8457-EB9D7420AFD1}"
EndProject
Global
	GlobalSection(SolutionConfigurationPlatforms) = preSolution
		Debug|Any CPU = Debug|Any CPU
		Release|Any CPU = Release|Any CPU
	EndGlobalSection
	GlobalSection(ProjectConfigurationPlatforms) = postSolution
		{7F96471D-B05F-444B-8457-EB9D7420AFD1}.Debug|Any CPU.ActiveCfg = Debug|Any CPU
		{7F96471D-B05F-444B-8457-EB9D7420AFD1}.Debug|Any CPU.Build.0 = Debug|Any CPU
		{7F96471D-B05F-444B-8457-EB9D7420AFD1}.Release|Any CPU.ActiveCfg = Release|Any CPU
		{7F96471D-B05F-444B-8457-EB9D7420AFD1}.Release|Any CPU.Build.0 = Release|Any CPU
	EndGlobalSection
	GlobalSection(SolutionProperties) = preSolution
		HideSolutionNode = FALSE
	EndGlobalSection
	GlobalSection(ExtensibilityGlobals) = postSolution
		SolutionGuid = {47C8D4EE-448E-433B-95A7-E5EF3871DBD3}
	EndGlobalSection
EndGlobal
