
Microsoft Visual Studio Solution File, Format Version 12.00
# Visual Studio Version 17
VisualStudioVersion = 17.3.32819.101
MinimumVisualStudioVersion = 10.0.40219.1
Project("{FAE04EC0-301F-11D3-BF4B-00C04F79EFBC}") = "lab6", "lab6\lab6.csproj", "{910A1E7E-E0D7-4797-BA90-AA43FCA7462F}"
EndProject
Global
	GlobalSection(SolutionConfigurationPlatforms) = preSolution
		Debug|Any CPU = Debug|Any CPU
		Release|Any CPU = Release|Any CPU
	EndGlobalSection
	GlobalSection(ProjectConfigurationPlatforms) = postSolution
		{910A1E7E-E0D7-4797-BA90-AA43FCA7462F}.Debug|Any CPU.ActiveCfg = Debug|Any CPU
		{910A1E7E-E0D7-4797-BA90-AA43FCA7462F}.Debug|Any CPU.Build.0 = Debug|Any CPU
		{910A1E7E-E0D7-4797-BA90-AA43FCA7462F}.Release|Any CPU.ActiveCfg = Release|Any CPU
		{910A1E7E-E0D7-4797-BA90-AA43FCA7462F}.Release|Any CPU.Build.0 = Release|Any CPU
	EndGlobalSection
	GlobalSection(SolutionProperties) = preSolution
		HideSolutionNode = FALSE
	EndGlobalSection
	GlobalSection(ExtensibilityGlobals) = postSolution
		SolutionGuid = {61D3BC56-1944-4F4D-9811-5204089F9EE6}
	EndGlobalSection
EndGlobal
